
Microsoft Visual Studio Solution File, Format Version 12.00
# Visual Studio 2013
VisualStudioVersion = 12.0.21005.1
MinimumVisualStudioVersion = 10.0.40219.1

Project("{FAE04EC0-301F-11D3-BF4B-00C04F79EFBC}") = "Statistics.Survey.Analysis.Services", "Statistics.Survey.Analysis.Services\Statistics.Survey.Analysis.Services.csproj", "{8A77AB1A-6948-42F7-AD4F-DB3FFE2B5D25}"
EndProject

Global
	GlobalSection(SolutionConfigurationPlatforms) = preSolution
		Debug|Any CPU = Debug|Any CPU
		Release|Any CPU = Release|Any CPU
	EndGlobalSection
	GlobalSection(ProjectConfigurationPlatforms) = postSolution
		{8A77AB1A-6948-42F7-AD4F-DB3FFE2B5D25}.Debug|Any CPU.ActiveCfg = Debug|Any CPU
		{8A77AB1A-6948-42F7-AD4F-DB3FFE2B5D25}.Debug|Any CPU.Build.0 = Debug|Any CPU
		{8A77AB1A-6948-42F7-AD4F-DB3FFE2B5D25}.Release|Any CPU.ActiveCfg = Release|Any CPU
		{8A77AB1A-6948-42F7-AD4F-DB3FFE2B5D25}.Release|Any CPU.Build.0 = Release|Any CPU
	EndGlobalSection
	GlobalSection(SolutionProperties) = preSolution
		HideSolutionNode = FALSE
	EndGlobalSection
	GlobalSection(NestedProjects) = preSolution
		{8A77AB1A-6948-42F7-AD4F-DB3FFE2B5D25} = {AAF00EAC-6956-47E0-A8F1-D5A39931B942}
	EndGlobalSection
EndGlobal
